// !$*UTF8*$!
{
	archiveVersion = 1;
	classes = {
	};
	objectVersion = 56;
	objects = {

/* Begin PBXBuildFile section */
		AEA5ED352AD4947E004A344D /* 2-5.cpp in Sources */ = {isa = PBXBuildFile; fileRef = AEA5ED342AD4947E004A344D /* 2-5.cpp */; };
		AEC87CAB2AB27EE300E1BD99 /* lib in Frameworks */ = {isa = PBXBuildFile; fileRef = AEC87CAA2AB27EE300E1BD99 /* lib */; };
		AEC87CAD2AB27F0500E1BD99 /* GLUT.framework in Frameworks */ = {isa = PBXBuildFile; fileRef = AEC87CAC2AB27F0500E1BD99 /* GLUT.framework */; };
		AEC87CAF2AB27F0A00E1BD99 /* OpenGL.framework in Frameworks */ = {isa = PBXBuildFile; fileRef = AEC87CAE2AB27F0A00E1BD99 /* OpenGL.framework */; };
/* End PBXBuildFile section */

/* Begin PBXCopyFilesBuildPhase section */
		AEC87C9D2AB27E6F00E1BD99 /* CopyFiles */ = {
			isa = PBXCopyFilesBuildPhase;
			buildActionMask = 2147483647;
			dstPath = /usr/share/man/man1/;
			dstSubfolderSpec = 0;
			files = (
			);
			runOnlyForDeploymentPostprocessing = 1;
		};
/* End PBXCopyFilesBuildPhase section */

/* Begin PBXFileReference section */
		AE2A60282AB827BB003AE37A /* 1-5.cpp */ = {isa = PBXFileReference; lastKnownFileType = sourcecode.cpp.cpp; path = "1-5.cpp"; sourceTree = "<group>"; };
		AE2A602A2AB82DEE003AE37A /* 1-6.cpp */ = {isa = PBXFileReference; lastKnownFileType = sourcecode.cpp.cpp; path = "1-6.cpp"; sourceTree = "<group>"; };
		AE8675002AB74C540015426F /* 1-3.cpp */ = {isa = PBXFileReference; lastKnownFileType = sourcecode.cpp.cpp; path = "1-3.cpp"; sourceTree = "<group>"; };
		AE8675022AB74DBD0015426F /* 1-4.cpp */ = {isa = PBXFileReference; lastKnownFileType = sourcecode.cpp.cpp; path = "1-4.cpp"; sourceTree = "<group>"; };
		AE95B6B42AB56A50004DA9E5 /* 1-2.cpp */ = {isa = PBXFileReference; lastKnownFileType = sourcecode.cpp.cpp; path = "1-2.cpp"; sourceTree = "<group>"; };
		AEA5ED322AD492F6004A344D /* 2-3.cpp */ = {isa = PBXFileReference; lastKnownFileType = sourcecode.cpp.cpp; path = "2-3.cpp"; sourceTree = "<group>"; };
		AEA5ED342AD4947E004A344D /* 2-5.cpp */ = {isa = PBXFileReference; lastKnownFileType = sourcecode.cpp.cpp; path = "2-5.cpp"; sourceTree = "<group>"; };
		AEBB9C312AD1BDA700D533C0 /* 2-4.cpp */ = {isa = PBXFileReference; lastKnownFileType = sourcecode.cpp.cpp; path = "2-4.cpp"; sourceTree = "<group>"; };
		AEC87C9F2AB27E6F00E1BD99 /* computer-graphics */ = {isa = PBXFileReference; explicitFileType = "compiled.mach-o.executable"; includeInIndex = 0; path = "computer-graphics"; sourceTree = BUILT_PRODUCTS_DIR; };
		AEC87CA22AB27E6F00E1BD99 /* 1-1.cpp */ = {isa = PBXFileReference; lastKnownFileType = sourcecode.cpp.cpp; path = "1-1.cpp"; sourceTree = "<group>"; };
		AEC87CAA2AB27EE300E1BD99 /* lib */ = {isa = PBXFileReference; lastKnownFileType = folder; name = lib; path = ../../../../../opt/homebrew/Cellar/freeglut/3.4.0/lib; sourceTree = "<group>"; };
		AEC87CAC2AB27F0500E1BD99 /* GLUT.framework */ = {isa = PBXFileReference; lastKnownFileType = wrapper.framework; name = GLUT.framework; path = System/Library/Frameworks/GLUT.framework; sourceTree = SDKROOT; };
		AEC87CAE2AB27F0A00E1BD99 /* OpenGL.framework */ = {isa = PBXFileReference; lastKnownFileType = wrapper.framework; name = OpenGL.framework; path = System/Library/Frameworks/OpenGL.framework; sourceTree = SDKROOT; };
		AEF57A052ACEACD9000EE94E /* 2-2-1.cpp */ = {isa = PBXFileReference; lastKnownFileType = sourcecode.cpp.cpp; path = "2-2-1.cpp"; sourceTree = "<group>"; };
		AEF57A072ACEAD05000EE94E /* 2-2-2.cpp */ = {isa = PBXFileReference; lastKnownFileType = sourcecode.cpp.cpp; path = "2-2-2.cpp"; sourceTree = "<group>"; };
		AEF57A0C2ACEAE97000EE94E /* 2-2-3.cpp */ = {isa = PBXFileReference; lastKnownFileType = sourcecode.cpp.cpp; path = "2-2-3.cpp"; sourceTree = "<group>"; };
		AEFD79822ACE9FFB006BB638 /* 2-1.cpp */ = {isa = PBXFileReference; lastKnownFileType = sourcecode.cpp.cpp; path = "2-1.cpp"; sourceTree = "<group>"; };
/* End PBXFileReference section */

/* Begin PBXFrameworksBuildPhase section */
		AEC87C9C2AB27E6F00E1BD99 /* Frameworks */ = {
			isa = PBXFrameworksBuildPhase;
			buildActionMask = 2147483647;
			files = (
				AEC87CAF2AB27F0A00E1BD99 /* OpenGL.framework in Frameworks */,
				AEC87CAD2AB27F0500E1BD99 /* GLUT.framework in Frameworks */,
				AEC87CAB2AB27EE300E1BD99 /* lib in Frameworks */,
			);
			runOnlyForDeploymentPostprocessing = 0;
		};
/* End PBXFrameworksBuildPhase section */

/* Begin PBXGroup section */
		AEC87C962AB27E6F00E1BD99 = {
			isa = PBXGroup;
			children = (
				AEC87CA12AB27E6F00E1BD99 /* computer-graphics */,
				AEC87CA02AB27E6F00E1BD99 /* Products */,
				AEC87CA92AB27EE300E1BD99 /* Frameworks */,
			);
			sourceTree = "<group>";
		};
		AEC87CA02AB27E6F00E1BD99 /* Products */ = {
			isa = PBXGroup;
			children = (
				AEC87C9F2AB27E6F00E1BD99 /* computer-graphics */,
			);
			name = Products;
			sourceTree = "<group>";
		};
		AEC87CA12AB27E6F00E1BD99 /* computer-graphics */ = {
			isa = PBXGroup;
			children = (
				AE95B6B42AB56A50004DA9E5 /* 1-2.cpp */,
				AEC87CA22AB27E6F00E1BD99 /* 1-1.cpp */,
				AE8675002AB74C540015426F /* 1-3.cpp */,
				AE8675022AB74DBD0015426F /* 1-4.cpp */,
				AE2A60282AB827BB003AE37A /* 1-5.cpp */,
				AE2A602A2AB82DEE003AE37A /* 1-6.cpp */,
				AEFD79822ACE9FFB006BB638 /* 2-1.cpp */,
				AEF57A052ACEACD9000EE94E /* 2-2-1.cpp */,
				AEF57A072ACEAD05000EE94E /* 2-2-2.cpp */,
				AEBB9C312AD1BDA700D533C0 /* 2-4.cpp */,
				AEF57A0C2ACEAE97000EE94E /* 2-2-3.cpp */,
				AEA5ED322AD492F6004A344D /* 2-3.cpp */,
				AEA5ED342AD4947E004A344D /* 2-5.cpp */,
			);
			path = "computer-graphics";
			sourceTree = "<group>";
		};
		AEC87CA92AB27EE300E1BD99 /* Frameworks */ = {
			isa = PBXGroup;
			children = (
				AEC87CAE2AB27F0A00E1BD99 /* OpenGL.framework */,
				AEC87CAC2AB27F0500E1BD99 /* GLUT.framework */,
				AEC87CAA2AB27EE300E1BD99 /* lib */,
			);
			name = Frameworks;
			sourceTree = "<group>";
		};
/* End PBXGroup section */

/* Begin PBXNativeTarget section */
		AEC87C9E2AB27E6F00E1BD99 /* computer-graphics */ = {
			isa = PBXNativeTarget;
			buildConfigurationList = AEC87CA62AB27E6F00E1BD99 /* Build configuration list for PBXNativeTarget "computer-graphics" */;
			buildPhases = (
				AEC87C9B2AB27E6F00E1BD99 /* Sources */,
				AEC87C9C2AB27E6F00E1BD99 /* Frameworks */,
				AEC87C9D2AB27E6F00E1BD99 /* CopyFiles */,
			);
			buildRules = (
			);
			dependencies = (
			);
			name = "computer-graphics";
			productName = "computer graphics";
			productReference = AEC87C9F2AB27E6F00E1BD99 /* computer-graphics */;
			productType = "com.apple.product-type.tool";
		};
/* End PBXNativeTarget section */

/* Begin PBXProject section */
		AEC87C972AB27E6F00E1BD99 /* Project object */ = {
			isa = PBXProject;
			attributes = {
				BuildIndependentTargetsInParallel = 1;
				LastUpgradeCheck = 1500;
				TargetAttributes = {
					AEC87C9E2AB27E6F00E1BD99 = {
						CreatedOnToolsVersion = 15.0;
					};
				};
			};
			buildConfigurationList = AEC87C9A2AB27E6F00E1BD99 /* Build configuration list for PBXProject "computer-graphics" */;
			compatibilityVersion = "Xcode 14.0";
			developmentRegion = en;
			hasScannedForEncodings = 0;
			knownRegions = (
				en,
				Base,
			);
			mainGroup = AEC87C962AB27E6F00E1BD99;
			productRefGroup = AEC87CA02AB27E6F00E1BD99 /* Products */;
			projectDirPath = "";
			projectRoot = "";
			targets = (
				AEC87C9E2AB27E6F00E1BD99 /* computer-graphics */,
			);
		};
/* End PBXProject section */

/* Begin PBXSourcesBuildPhase section */
		AEC87C9B2AB27E6F00E1BD99 /* Sources */ = {
			isa = PBXSourcesBuildPhase;
			buildActionMask = 2147483647;
			files = (
				AEA5ED352AD4947E004A344D /* 2-5.cpp in Sources */,
			);
			runOnlyForDeploymentPostprocessing = 0;
		};
/* End PBXSourcesBuildPhase section */

/* Begin XCBuildConfiguration section */
		AEC87CA42AB27E6F00E1BD99 /* Debug */ = {
			isa = XCBuildConfiguration;
			buildSettings = {
				ALWAYS_SEARCH_USER_PATHS = NO;
				ASSETCATALOG_COMPILER_GENERATE_SWIFT_ASSET_SYMBOL_EXTENSIONS = YES;
				CLANG_ANALYZER_NONNULL = YES;
				CLANG_ANALYZER_NUMBER_OBJECT_CONVERSION = YES_AGGRESSIVE;
				CLANG_CXX_LANGUAGE_STANDARD = "gnu++20";
				CLANG_ENABLE_MODULES = YES;
				CLANG_ENABLE_OBJC_ARC = YES;
				CLANG_ENABLE_OBJC_WEAK = YES;
				CLANG_WARN_BLOCK_CAPTURE_AUTORELEASING = YES;
				CLANG_WARN_BOOL_CONVERSION = YES;
				CLANG_WARN_COMMA = YES;
				CLANG_WARN_CONSTANT_CONVERSION = YES;
				CLANG_WARN_DEPRECATED_OBJC_IMPLEMENTATIONS = YES;
				CLANG_WARN_DIRECT_OBJC_ISA_USAGE = YES_ERROR;
				CLANG_WARN_DOCUMENTATION_COMMENTS = YES;
				CLANG_WARN_EMPTY_BODY = YES;
				CLANG_WARN_ENUM_CONVERSION = YES;
				CLANG_WARN_INFINITE_RECURSION = YES;
				CLANG_WARN_INT_CONVERSION = YES;
				CLANG_WARN_NON_LITERAL_NULL_CONVERSION = YES;
				CLANG_WARN_OBJC_IMPLICIT_RETAIN_SELF = YES;
				CLANG_WARN_OBJC_LITERAL_CONVERSION = YES;
				CLANG_WARN_OBJC_ROOT_CLASS = YES_ERROR;
				CLANG_WARN_QUOTED_INCLUDE_IN_FRAMEWORK_HEADER = YES;
				CLANG_WARN_RANGE_LOOP_ANALYSIS = YES;
				CLANG_WARN_STRICT_PROTOTYPES = YES;
				CLANG_WARN_SUSPICIOUS_MOVE = YES;
				CLANG_WARN_UNGUARDED_AVAILABILITY = YES_AGGRESSIVE;
				CLANG_WARN_UNREACHABLE_CODE = YES;
				CLANG_WARN__DUPLICATE_METHOD_MATCH = YES;
				COPY_PHASE_STRIP = NO;
				DEBUG_INFORMATION_FORMAT = dwarf;
				ENABLE_STRICT_OBJC_MSGSEND = YES;
				ENABLE_TESTABILITY = YES;
				ENABLE_USER_SCRIPT_SANDBOXING = YES;
				GCC_C_LANGUAGE_STANDARD = gnu17;
				GCC_DYNAMIC_NO_PIC = NO;
				GCC_NO_COMMON_BLOCKS = YES;
				GCC_OPTIMIZATION_LEVEL = 0;
				GCC_PREPROCESSOR_DEFINITIONS = (
					"DEBUG=1",
					"$(inherited)",
				);
				GCC_WARN_64_TO_32_BIT_CONVERSION = YES;
				GCC_WARN_ABOUT_RETURN_TYPE = YES_ERROR;
				GCC_WARN_UNDECLARED_SELECTOR = YES;
				GCC_WARN_UNINITIALIZED_AUTOS = YES_AGGRESSIVE;
				GCC_WARN_UNUSED_FUNCTION = YES;
				GCC_WARN_UNUSED_VARIABLE = YES;
				LOCALIZATION_PREFERS_STRING_CATALOGS = YES;
				MACOSX_DEPLOYMENT_TARGET = 14.0;
				MTL_ENABLE_DEBUG_INFO = INCLUDE_SOURCE;
				MTL_FAST_MATH = YES;
				ONLY_ACTIVE_ARCH = YES;
				SDKROOT = macosx;
			};
			name = Debug;
		};
		AEC87CA52AB27E6F00E1BD99 /* Release */ = {
			isa = XCBuildConfiguration;
			buildSettings = {
				ALWAYS_SEARCH_USER_PATHS = NO;
				ASSETCATALOG_COMPILER_GENERATE_SWIFT_ASSET_SYMBOL_EXTENSIONS = YES;
				CLANG_ANALYZER_NONNULL = YES;
				CLANG_ANALYZER_NUMBER_OBJECT_CONVERSION = YES_AGGRESSIVE;
				CLANG_CXX_LANGUAGE_STANDARD = "gnu++20";
				CLANG_ENABLE_MODULES = YES;
				CLANG_ENABLE_OBJC_ARC = YES;
				CLANG_ENABLE_OBJC_WEAK = YES;
				CLANG_WARN_BLOCK_CAPTURE_AUTORELEASING = YES;
				CLANG_WARN_BOOL_CONVERSION = YES;
				CLANG_WARN_COMMA = YES;
				CLANG_WARN_CONSTANT_CONVERSION = YES;
				CLANG_WARN_DEPRECATED_OBJC_IMPLEMENTATIONS = YES;
				CLANG_WARN_DIRECT_OBJC_ISA_USAGE = YES_ERROR;
				CLANG_WARN_DOCUMENTATION_COMMENTS = YES;
				CLANG_WARN_EMPTY_BODY = YES;
				CLANG_WARN_ENUM_CONVERSION = YES;
				CLANG_WARN_INFINITE_RECURSION = YES;
				CLANG_WARN_INT_CONVERSION = YES;
				CLANG_WARN_NON_LITERAL_NULL_CONVERSION = YES;
				CLANG_WARN_OBJC_IMPLICIT_RETAIN_SELF = YES;
				CLANG_WARN_OBJC_LITERAL_CONVERSION = YES;
				CLANG_WARN_OBJC_ROOT_CLASS = YES_ERROR;
				CLANG_WARN_QUOTED_INCLUDE_IN_FRAMEWORK_HEADER = YES;
				CLANG_WARN_RANGE_LOOP_ANALYSIS = YES;
				CLANG_WARN_STRICT_PROTOTYPES = YES;
				CLANG_WARN_SUSPICIOUS_MOVE = YES;
				CLANG_WARN_UNGUARDED_AVAILABILITY = YES_AGGRESSIVE;
				CLANG_WARN_UNREACHABLE_CODE = YES;
				CLANG_WARN__DUPLICATE_METHOD_MATCH = YES;
				COPY_PHASE_STRIP = NO;
				DEBUG_INFORMATION_FORMAT = "dwarf-with-dsym";
				ENABLE_NS_ASSERTIONS = NO;
				ENABLE_STRICT_OBJC_MSGSEND = YES;
				ENABLE_USER_SCRIPT_SANDBOXING = YES;
				GCC_C_LANGUAGE_STANDARD = gnu17;
				GCC_NO_COMMON_BLOCKS = YES;
				GCC_WARN_64_TO_32_BIT_CONVERSION = YES;
				GCC_WARN_ABOUT_RETURN_TYPE = YES_ERROR;
				GCC_WARN_UNDECLARED_SELECTOR = YES;
				GCC_WARN_UNINITIALIZED_AUTOS = YES_AGGRESSIVE;
				GCC_WARN_UNUSED_FUNCTION = YES;
				GCC_WARN_UNUSED_VARIABLE = YES;
				LOCALIZATION_PREFERS_STRING_CATALOGS = YES;
				MACOSX_DEPLOYMENT_TARGET = 14.0;
				MTL_ENABLE_DEBUG_INFO = NO;
				MTL_FAST_MATH = YES;
				SDKROOT = macosx;
			};
			name = Release;
		};
		AEC87CA72AB27E6F00E1BD99 /* Debug */ = {
			isa = XCBuildConfiguration;
			buildSettings = {
				CODE_SIGN_STYLE = Automatic;
				DEVELOPMENT_TEAM = 4DYQ6M6SLR;
				ENABLE_HARDENED_RUNTIME = YES;
				HEADER_SEARCH_PATHS = /opt/homebrew/Cellar/freeglut/3.4.0/include;
				PRODUCT_NAME = "$(TARGET_NAME)";
			};
			name = Debug;
		};
		AEC87CA82AB27E6F00E1BD99 /* Release */ = {
			isa = XCBuildConfiguration;
			buildSettings = {
				CODE_SIGN_STYLE = Automatic;
				DEVELOPMENT_TEAM = 4DYQ6M6SLR;
				ENABLE_HARDENED_RUNTIME = YES;
				HEADER_SEARCH_PATHS = /opt/homebrew/Cellar/freeglut/3.4.0/include;
				PRODUCT_NAME = "$(TARGET_NAME)";
			};
			name = Release;
		};
/* End XCBuildConfiguration section */

/* Begin XCConfigurationList section */
		AEC87C9A2AB27E6F00E1BD99 /* Build configuration list for PBXProject "computer-graphics" */ = {
			isa = XCConfigurationList;
			buildConfigurations = (
				AEC87CA42AB27E6F00E1BD99 /* Debug */,
				AEC87CA52AB27E6F00E1BD99 /* Release */,
			);
			defaultConfigurationIsVisible = 0;
			defaultConfigurationName = Release;
		};
		AEC87CA62AB27E6F00E1BD99 /* Build configuration list for PBXNativeTarget "computer-graphics" */ = {
			isa = XCConfigurationList;
			buildConfigurations = (
				AEC87CA72AB27E6F00E1BD99 /* Debug */,
				AEC87CA82AB27E6F00E1BD99 /* Release */,
			);
			defaultConfigurationIsVisible = 0;
			defaultConfigurationName = Release;
		};
/* End XCConfigurationList section */
	};
	rootObject = AEC87C972AB27E6F00E1BD99 /* Project object */;
}
